
Microsoft Visual Studio Solution File, Format Version 12.00
# Visual Studio Version 17
VisualStudioVersion = 17.7.34024.191
MinimumVisualStudioVersion = 10.0.40219.1
Project("{FAE04EC0-301F-11D3-BF4B-00C04F79EFBC}") = "LR_event_8", "LR_event_8\LR_event_8.csproj", "{A7CFAC6E-7F07-47A2-812C-AC81F4B30509}"
EndProject
Global
	GlobalSection(SolutionConfigurationPlatforms) = preSolution
		Debug|Any CPU = Debug|Any CPU
		Release|Any CPU = Release|Any CPU
	EndGlobalSection
	GlobalSection(ProjectConfigurationPlatforms) = postSolution
		{A7CFAC6E-7F07-47A2-812C-AC81F4B30509}.Debug|Any CPU.ActiveCfg = Debug|Any CPU
		{A7CFAC6E-7F07-47A2-812C-AC81F4B30509}.Debug|Any CPU.Build.0 = Debug|Any CPU
		{A7CFAC6E-7F07-47A2-812C-AC81F4B30509}.Release|Any CPU.ActiveCfg = Release|Any CPU
		{A7CFAC6E-7F07-47A2-812C-AC81F4B30509}.Release|Any CPU.Build.0 = Release|Any CPU
	EndGlobalSection
	GlobalSection(SolutionProperties) = preSolution
		HideSolutionNode = FALSE
	EndGlobalSection
	GlobalSection(ExtensibilityGlobals) = postSolution
		SolutionGuid = {09975B35-CBFD-49E1-A156-9EAA4480078C}
	EndGlobalSection
EndGlobal
